
Microsoft Visual Studio Solution File, Format Version 12.00
# Visual Studio Version 17
VisualStudioVersion = 17.2.32630.192
MinimumVisualStudioVersion = 10.0.40219.1
Project("{9A19103F-16F7-4668-BE54-9A1E7A4F7556}") = "PointOfSaleAPI", "PointOfSaleAPI\PointOfSaleAPI.csproj", "{A12AEE23-FDFE-4C79-BE11-17B3C18FA1B1}"
EndProject
Project("{9A19103F-16F7-4668-BE54-9A1E7A4F7556}") = "PointOfSaleMVC", "PointOfSaleMVC\PointOfSaleMVC.csproj", "{D06BE1D1-C290-4D4B-87ED-063606FE25B3}"
EndProject
Global
	GlobalSection(SolutionConfigurationPlatforms) = preSolution
		Debug|Any CPU = Debug|Any CPU
		Release|Any CPU = Release|Any CPU
	EndGlobalSection
	GlobalSection(ProjectConfigurationPlatforms) = postSolution
		{A12AEE23-FDFE-4C79-BE11-17B3C18FA1B1}.Debug|Any CPU.ActiveCfg = Debug|Any CPU
		{A12AEE23-FDFE-4C79-BE11-17B3C18FA1B1}.Debug|Any CPU.Build.0 = Debug|Any CPU
		{A12AEE23-FDFE-4C79-BE11-17B3C18FA1B1}.Release|Any CPU.ActiveCfg = Release|Any CPU
		{A12AEE23-FDFE-4C79-BE11-17B3C18FA1B1}.Release|Any CPU.Build.0 = Release|Any CPU
		{D06BE1D1-C290-4D4B-87ED-063606FE25B3}.Debug|Any CPU.ActiveCfg = Debug|Any CPU
		{D06BE1D1-C290-4D4B-87ED-063606FE25B3}.Debug|Any CPU.Build.0 = Debug|Any CPU
		{D06BE1D1-C290-4D4B-87ED-063606FE25B3}.Release|Any CPU.ActiveCfg = Release|Any CPU
		{D06BE1D1-C290-4D4B-87ED-063606FE25B3}.Release|Any CPU.Build.0 = Release|Any CPU
	EndGlobalSection
	GlobalSection(SolutionProperties) = preSolution
		HideSolutionNode = FALSE
	EndGlobalSection
	GlobalSection(ExtensibilityGlobals) = postSolution
		SolutionGuid = {413BF69C-694C-4542-92F4-0A12E8BA8086}
	EndGlobalSection
EndGlobal
